PODS:
  - HockeySDK (5.0.0):
    - HockeySDK/DefaultLib (= 5.0.0)
  - HockeySDK/DefaultLib (5.0.0)
  - SVProgressHUD (2.2.2)
  - SwiftLint (0.24.0)

DEPENDENCIES:
  - HockeySDK
  - SVProgressHUD
  - SwiftLint

SPEC CHECKSUMS:
  HockeySDK: 82bf8dcbe1af3c87c24dc98924fcf2e2ba5be8c4
  SVProgressHUD: 59b2d3dabacbd051576d21d32293ca7228dc18b0
  SwiftLint: a014c92b4664e8b13f380f8640a51bb1733778ba

PODFILE CHECKSUM: 7486f99cba2063ca678ee994c65141ffa1967bbb

COCOAPODS: 1.4.0.beta.2
