// !$*UTF8*$!
{
	archiveVersion = 1;
	classes = {
	};
	objectVersion = 46;
	objects = {

/* Begin PBXBuildFile section */
		37434B5F1E7F1B7E00336605 /* NewsEntity.swift in Sources */ = {isa = PBXBuildFile; fileRef = 37434B5C1E7F1B7E00336605 /* NewsEntity.swift */; };
		37434B601E7F1B7E00336605 /* NewsTableViewCell.swift in Sources */ = {isa = PBXBuildFile; fileRef = 37434B5D1E7F1B7E00336605 /* NewsTableViewCell.swift */; };
		37434B611E7F1B7E00336605 /* ProfilePhotoView.swift in Sources */ = {isa = PBXBuildFile; fileRef = 37434B5E1E7F1B7E00336605 /* ProfilePhotoView.swift */; };
		37434B631E7F1BAA00336605 /* Color.swift in Sources */ = {isa = PBXBuildFile; fileRef = 37434B621E7F1BAA00336605 /* Color.swift */; };
		3777B0B21E8E479C00FF385A /* GalleryEntity.swift in Sources */ = {isa = PBXBuildFile; fileRef = 3777B0AF1E8E479C00FF385A /* GalleryEntity.swift */; };
		3777B0B31E8E479C00FF385A /* GalleryTableViewCell.swift in Sources */ = {isa = PBXBuildFile; fileRef = 3777B0B01E8E479C00FF385A /* GalleryTableViewCell.swift */; };
		3777B0B41E8E479C00FF385A /* HelpFinanceViewController.swift in Sources */ = {isa = PBXBuildFile; fileRef = 3777B0B11E8E479C00FF385A /* HelpFinanceViewController.swift */; };
		3777B0B81E8FE7FD00FF385A /* PhotoManager.swift in Sources */ = {isa = PBXBuildFile; fileRef = 3777B0B71E8FE7FD00FF385A /* PhotoManager.swift */; };
		3777B0BA1E91931900FF385A /* NewsRequest.swift in Sources */ = {isa = PBXBuildFile; fileRef = 3777B0B91E91931900FF385A /* NewsRequest.swift */; };
		3777B0BC1E91932500FF385A /* NewsOperation.swift in Sources */ = {isa = PBXBuildFile; fileRef = 3777B0BB1E91932500FF385A /* NewsOperation.swift */; };
		3777B0BE1E91932E00FF385A /* NewsItem.swift in Sources */ = {isa = PBXBuildFile; fileRef = 3777B0BD1E91932E00FF385A /* NewsItem.swift */; };
		3777B0C01E91933700FF385A /* NewsResponseMapper.swift in Sources */ = {isa = PBXBuildFile; fileRef = 3777B0BF1E91933700FF385A /* NewsResponseMapper.swift */; };
		4281CABF1E91C51500F16519 /* LoginViewController.swift in Sources */ = {isa = PBXBuildFile; fileRef = 4281CABE1E91C51500F16519 /* LoginViewController.swift */; };
		42D579CE1E6B36F1006C9A8D /* GalleryViewController.swift in Sources */ = {isa = PBXBuildFile; fileRef = 42D579CD1E6B36F1006C9A8D /* GalleryViewController.swift */; };
		42FF1B101E99390200BABDE8 /* NewsDetailViewController.swift in Sources */ = {isa = PBXBuildFile; fileRef = 42FF1B0F1E99390200BABDE8 /* NewsDetailViewController.swift */; };
		4B00D1411E9D454C00A62AFC /* GalleryDetailPhotoViewController.swift in Sources */ = {isa = PBXBuildFile; fileRef = 4B00D1401E9D454C00A62AFC /* GalleryDetailPhotoViewController.swift */; };
		4B04D51A1E9A401F0091DD32 /* AnimalRequest.swift in Sources */ = {isa = PBXBuildFile; fileRef = 4B04D5191E9A401F0091DD32 /* AnimalRequest.swift */; };
		4B04D51C1E9A41DC0091DD32 /* AnimalOperation.swift in Sources */ = {isa = PBXBuildFile; fileRef = 4B04D51B1E9A41DC0091DD32 /* AnimalOperation.swift */; };
		4B04D51E1E9A42AE0091DD32 /* AnimalResponseMapper.swift in Sources */ = {isa = PBXBuildFile; fileRef = 4B04D51D1E9A42AE0091DD32 /* AnimalResponseMapper.swift */; };
		4B1ADCB91E87B8AD00F8BA37 /* RequestError.swift in Sources */ = {isa = PBXBuildFile; fileRef = 4B1ADCB81E87B8AD00F8BA37 /* RequestError.swift */; };
		4B1ADCBB1E87B8EE00F8BA37 /* RequestResult.swift in Sources */ = {isa = PBXBuildFile; fileRef = 4B1ADCBA1E87B8EE00F8BA37 /* RequestResult.swift */; };
		4B436E6C1E7ECAC300AB4E55 /* OrganizationInfoRequest.swift in Sources */ = {isa = PBXBuildFile; fileRef = 4B436E6B1E7ECAC300AB4E55 /* OrganizationInfoRequest.swift */; };
		4B51858C1E7EA08C00CD343F /* NetworkService.swift in Sources */ = {isa = PBXBuildFile; fileRef = 4B51858B1E7EA08C00CD343F /* NetworkService.swift */; };
		4B51858E1E7EAC6900CD343F /* BackendAPIRequest.swift in Sources */ = {isa = PBXBuildFile; fileRef = 4B51858D1E7EAC6900CD343F /* BackendAPIRequest.swift */; };
		4B5185901E7EAD7B00CD343F /* BackendService.swift in Sources */ = {isa = PBXBuildFile; fileRef = 4B51858F1E7EAD7B00CD343F /* BackendService.swift */; };
		4B8ADB391E8AE36000EE4EB2 /* BackendConfiguration.swift in Sources */ = {isa = PBXBuildFile; fileRef = 4B8ADB381E8AE36000EE4EB2 /* BackendConfiguration.swift */; };
		4B98B2E81E8C4E6C007E0D6C /* ListOfAnimalsRequest.swift in Sources */ = {isa = PBXBuildFile; fileRef = 4B98B2E71E8C4E6C007E0D6C /* ListOfAnimalsRequest.swift */; };
		4B98B2EA1E8C5176007E0D6C /* AnimalItem.swift in Sources */ = {isa = PBXBuildFile; fileRef = 4B98B2E91E8C5176007E0D6C /* AnimalItem.swift */; };
		4B98B2EC1E8C52AE007E0D6C /* ListOfAnimalsOperation.swift in Sources */ = {isa = PBXBuildFile; fileRef = 4B98B2EB1E8C52AE007E0D6C /* ListOfAnimalsOperation.swift */; };
		4B98B2EE1E8C5420007E0D6C /* ListOfAnimalsArrayResponseMapper.swift in Sources */ = {isa = PBXBuildFile; fileRef = 4B98B2ED1E8C5420007E0D6C /* ListOfAnimalsArrayResponseMapper.swift */; };
		4BFF985F1E7F11A100951035 /* OrganizationInfoOperation.swift in Sources */ = {isa = PBXBuildFile; fileRef = 4BFF985E1E7F11A100951035 /* OrganizationInfoOperation.swift */; };
		4BFF98611E7F11E400951035 /* ServiceOperation.swift in Sources */ = {isa = PBXBuildFile; fileRef = 4BFF98601E7F11E400951035 /* ServiceOperation.swift */; };
		4BFF98631E7F129100951035 /* ParsedItem.swift in Sources */ = {isa = PBXBuildFile; fileRef = 4BFF98621E7F129100951035 /* ParsedItem.swift */; };
		4BFF98651E7F133500951035 /* OrganizationInfoItem.swift in Sources */ = {isa = PBXBuildFile; fileRef = 4BFF98641E7F133500951035 /* OrganizationInfoItem.swift */; };
		4BFF98671E7F16A000951035 /* ResponseMapper.swift in Sources */ = {isa = PBXBuildFile; fileRef = 4BFF98661E7F16A000951035 /* ResponseMapper.swift */; };
		4BFF98691E7F170900951035 /* OrganizationInfoResponseMapper.swift in Sources */ = {isa = PBXBuildFile; fileRef = 4BFF98681E7F170900951035 /* OrganizationInfoResponseMapper.swift */; };
		4BFF986B1E7F186100951035 /* ArrayResponseMapper.swift in Sources */ = {isa = PBXBuildFile; fileRef = 4BFF986A1E7F186100951035 /* ArrayResponseMapper.swift */; };
		54BEF3EA1E84186C00FB2FE7 /* CalendarViewController.swift in Sources */ = {isa = PBXBuildFile; fileRef = 54BEF3E91E84186C00FB2FE7 /* CalendarViewController.swift */; };
		8FFC8E371E8E6B1A005F5B18 /* GalleryDetailViewController.swift in Sources */ = {isa = PBXBuildFile; fileRef = 8FFC8E361E8E6B1A005F5B18 /* GalleryDetailViewController.swift */; };
		A1CABBF31E6AEB1F009A06F8 /* AppDelegate.swift in Sources */ = {isa = PBXBuildFile; fileRef = A1CABBF21E6AEB1F009A06F8 /* AppDelegate.swift */; };
		A1CABBF51E6AEB1F009A06F8 /* HelpViewController.swift in Sources */ = {isa = PBXBuildFile; fileRef = A1CABBF41E6AEB1F009A06F8 /* HelpViewController.swift */; };
		A1CABBF71E6AEB1F009A06F8 /* NewsViewController.swift in Sources */ = {isa = PBXBuildFile; fileRef = A1CABBF61E6AEB1F009A06F8 /* NewsViewController.swift */; };
		A1CABBFA1E6AEB1F009A06F8 /* Main.storyboard in Resources */ = {isa = PBXBuildFile; fileRef = A1CABBF81E6AEB1F009A06F8 /* Main.storyboard */; };
		A1CABBFC1E6AEB1F009A06F8 /* Assets.xcassets in Resources */ = {isa = PBXBuildFile; fileRef = A1CABBFB1E6AEB1F009A06F8 /* Assets.xcassets */; };
		A1CABBFF1E6AEB1F009A06F8 /* LaunchScreen.storyboard in Resources */ = {isa = PBXBuildFile; fileRef = A1CABBFD1E6AEB1F009A06F8 /* LaunchScreen.storyboard */; };
		A1CABC0A1E6AEB1F009A06F8 /* TOZ_iOSTests.swift in Sources */ = {isa = PBXBuildFile; fileRef = A1CABC091E6AEB1F009A06F8 /* TOZ_iOSTests.swift */; };
		AA04D596234770687A312BCC /* Pods_TOZ_iOSTests.framework in Frameworks */ = {isa = PBXBuildFile; fileRef = 0B4DAB99C7DD09A1A743E45E /* Pods_TOZ_iOSTests.framework */; };
		CE0BB3A31E95894F006E23C7 /* Gallery.storyboard in Resources */ = {isa = PBXBuildFile; fileRef = CE0BB3A21E95894F006E23C7 /* Gallery.storyboard */; };
		CE0BB3A51E958980006E23C7 /* Calendar.storyboard in Resources */ = {isa = PBXBuildFile; fileRef = CE0BB3A41E958980006E23C7 /* Calendar.storyboard */; };
		CE0BB3A71E9A7059006E23C7 /* Help.storyboard in Resources */ = {isa = PBXBuildFile; fileRef = CE0BB3A61E9A7059006E23C7 /* Help.storyboard */; };
		CE0BB3A91E9A7127006E23C7 /* News.storyboard in Resources */ = {isa = PBXBuildFile; fileRef = CE0BB3A81E9A7127006E23C7 /* News.storyboard */; };
		FD74D32931BCD4088F24DCF6 /* Pods_TOZ_iOS.framework in Frameworks */ = {isa = PBXBuildFile; fileRef = 60D69C75206B9775799946FF /* Pods_TOZ_iOS.framework */; settings = {ATTRIBUTES = (Required, ); }; };
/* End PBXBuildFile section */

/* Begin PBXContainerItemProxy section */
		A1CABC061E6AEB1F009A06F8 /* PBXContainerItemProxy */ = {
			isa = PBXContainerItemProxy;
			containerPortal = A1CABBE71E6AEB1F009A06F8 /* Project object */;
			proxyType = 1;
			remoteGlobalIDString = A1CABBEE1E6AEB1F009A06F8;
			remoteInfo = TOZ_iOS;
		};
/* End PBXContainerItemProxy section */

/* Begin PBXFileReference section */
		0B4DAB99C7DD09A1A743E45E /* Pods_TOZ_iOSTests.framework */ = {isa = PBXFileReference; explicitFileType = wrapper.framework; includeInIndex = 0; path = Pods_TOZ_iOSTests.framework; sourceTree = BUILT_PRODUCTS_DIR; };
		37434B5C1E7F1B7E00336605 /* NewsEntity.swift */ = {isa = PBXFileReference; fileEncoding = 4; lastKnownFileType = sourcecode.swift; path = NewsEntity.swift; sourceTree = "<group>"; };
		37434B5D1E7F1B7E00336605 /* NewsTableViewCell.swift */ = {isa = PBXFileReference; fileEncoding = 4; lastKnownFileType = sourcecode.swift; path = NewsTableViewCell.swift; sourceTree = "<group>"; };
		37434B5E1E7F1B7E00336605 /* ProfilePhotoView.swift */ = {isa = PBXFileReference; fileEncoding = 4; lastKnownFileType = sourcecode.swift; path = ProfilePhotoView.swift; sourceTree = "<group>"; };
		37434B621E7F1BAA00336605 /* Color.swift */ = {isa = PBXFileReference; fileEncoding = 4; lastKnownFileType = sourcecode.swift; path = Color.swift; sourceTree = "<group>"; };
		3777B0AF1E8E479C00FF385A /* GalleryEntity.swift */ = {isa = PBXFileReference; fileEncoding = 4; lastKnownFileType = sourcecode.swift; path = GalleryEntity.swift; sourceTree = "<group>"; };
		3777B0B01E8E479C00FF385A /* GalleryTableViewCell.swift */ = {isa = PBXFileReference; fileEncoding = 4; lastKnownFileType = sourcecode.swift; path = GalleryTableViewCell.swift; sourceTree = "<group>"; };
		3777B0B11E8E479C00FF385A /* HelpFinanceViewController.swift */ = {isa = PBXFileReference; fileEncoding = 4; lastKnownFileType = sourcecode.swift; path = HelpFinanceViewController.swift; sourceTree = "<group>"; };
		3777B0B71E8FE7FD00FF385A /* PhotoManager.swift */ = {isa = PBXFileReference; fileEncoding = 4; lastKnownFileType = sourcecode.swift; path = PhotoManager.swift; sourceTree = "<group>"; };
		3777B0B91E91931900FF385A /* NewsRequest.swift */ = {isa = PBXFileReference; fileEncoding = 4; lastKnownFileType = sourcecode.swift; path = NewsRequest.swift; sourceTree = "<group>"; };
		3777B0BB1E91932500FF385A /* NewsOperation.swift */ = {isa = PBXFileReference; fileEncoding = 4; lastKnownFileType = sourcecode.swift; path = NewsOperation.swift; sourceTree = "<group>"; };
		3777B0BD1E91932E00FF385A /* NewsItem.swift */ = {isa = PBXFileReference; fileEncoding = 4; lastKnownFileType = sourcecode.swift; path = NewsItem.swift; sourceTree = "<group>"; };
		3777B0BF1E91933700FF385A /* NewsResponseMapper.swift */ = {isa = PBXFileReference; fileEncoding = 4; lastKnownFileType = sourcecode.swift; path = NewsResponseMapper.swift; sourceTree = "<group>"; };
		4281CABE1E91C51500F16519 /* LoginViewController.swift */ = {isa = PBXFileReference; fileEncoding = 4; lastKnownFileType = sourcecode.swift; path = LoginViewController.swift; sourceTree = "<group>"; };
		42D579CD1E6B36F1006C9A8D /* GalleryViewController.swift */ = {isa = PBXFileReference; fileEncoding = 4; lastKnownFileType = sourcecode.swift; path = GalleryViewController.swift; sourceTree = "<group>"; };
		42FF1B0F1E99390200BABDE8 /* NewsDetailViewController.swift */ = {isa = PBXFileReference; fileEncoding = 4; lastKnownFileType = sourcecode.swift; path = NewsDetailViewController.swift; sourceTree = "<group>"; };
		4B00D1401E9D454C00A62AFC /* GalleryDetailPhotoViewController.swift */ = {isa = PBXFileReference; fileEncoding = 4; lastKnownFileType = sourcecode.swift; path = GalleryDetailPhotoViewController.swift; sourceTree = "<group>"; };
		4B04D5191E9A401F0091DD32 /* AnimalRequest.swift */ = {isa = PBXFileReference; fileEncoding = 4; lastKnownFileType = sourcecode.swift; path = AnimalRequest.swift; sourceTree = "<group>"; };
		4B04D51B1E9A41DC0091DD32 /* AnimalOperation.swift */ = {isa = PBXFileReference; fileEncoding = 4; lastKnownFileType = sourcecode.swift; path = AnimalOperation.swift; sourceTree = "<group>"; };
		4B04D51D1E9A42AE0091DD32 /* AnimalResponseMapper.swift */ = {isa = PBXFileReference; fileEncoding = 4; lastKnownFileType = sourcecode.swift; path = AnimalResponseMapper.swift; sourceTree = "<group>"; };
		4B1ADCB81E87B8AD00F8BA37 /* RequestError.swift */ = {isa = PBXFileReference; fileEncoding = 4; lastKnownFileType = sourcecode.swift; path = RequestError.swift; sourceTree = "<group>"; };
		4B1ADCBA1E87B8EE00F8BA37 /* RequestResult.swift */ = {isa = PBXFileReference; fileEncoding = 4; lastKnownFileType = sourcecode.swift; path = RequestResult.swift; sourceTree = "<group>"; };
		4B436E6B1E7ECAC300AB4E55 /* OrganizationInfoRequest.swift */ = {isa = PBXFileReference; fileEncoding = 4; lastKnownFileType = sourcecode.swift; path = OrganizationInfoRequest.swift; sourceTree = "<group>"; };
		4B51858B1E7EA08C00CD343F /* NetworkService.swift */ = {isa = PBXFileReference; fileEncoding = 4; lastKnownFileType = sourcecode.swift; path = NetworkService.swift; sourceTree = "<group>"; };
		4B51858D1E7EAC6900CD343F /* BackendAPIRequest.swift */ = {isa = PBXFileReference; fileEncoding = 4; lastKnownFileType = sourcecode.swift; path = BackendAPIRequest.swift; sourceTree = "<group>"; };
		4B51858F1E7EAD7B00CD343F /* BackendService.swift */ = {isa = PBXFileReference; fileEncoding = 4; lastKnownFileType = sourcecode.swift; path = BackendService.swift; sourceTree = "<group>"; xcLanguageSpecificationIdentifier = xcode.lang.swift; };
		4B8ADB381E8AE36000EE4EB2 /* BackendConfiguration.swift */ = {isa = PBXFileReference; fileEncoding = 4; lastKnownFileType = sourcecode.swift; path = BackendConfiguration.swift; sourceTree = "<group>"; };
		4B98B2E71E8C4E6C007E0D6C /* ListOfAnimalsRequest.swift */ = {isa = PBXFileReference; fileEncoding = 4; lastKnownFileType = sourcecode.swift; path = ListOfAnimalsRequest.swift; sourceTree = "<group>"; };
		4B98B2E91E8C5176007E0D6C /* AnimalItem.swift */ = {isa = PBXFileReference; fileEncoding = 4; lastKnownFileType = sourcecode.swift; path = AnimalItem.swift; sourceTree = "<group>"; };
		4B98B2EB1E8C52AE007E0D6C /* ListOfAnimalsOperation.swift */ = {isa = PBXFileReference; fileEncoding = 4; lastKnownFileType = sourcecode.swift; path = ListOfAnimalsOperation.swift; sourceTree = "<group>"; };
		4B98B2ED1E8C5420007E0D6C /* ListOfAnimalsArrayResponseMapper.swift */ = {isa = PBXFileReference; fileEncoding = 4; lastKnownFileType = sourcecode.swift; path = ListOfAnimalsArrayResponseMapper.swift; sourceTree = "<group>"; };
		4BFF985E1E7F11A100951035 /* OrganizationInfoOperation.swift */ = {isa = PBXFileReference; fileEncoding = 4; lastKnownFileType = sourcecode.swift; path = OrganizationInfoOperation.swift; sourceTree = "<group>"; };
		4BFF98601E7F11E400951035 /* ServiceOperation.swift */ = {isa = PBXFileReference; fileEncoding = 4; lastKnownFileType = sourcecode.swift; path = ServiceOperation.swift; sourceTree = "<group>"; };
		4BFF98621E7F129100951035 /* ParsedItem.swift */ = {isa = PBXFileReference; fileEncoding = 4; lastKnownFileType = sourcecode.swift; path = ParsedItem.swift; sourceTree = "<group>"; };
		4BFF98641E7F133500951035 /* OrganizationInfoItem.swift */ = {isa = PBXFileReference; fileEncoding = 4; lastKnownFileType = sourcecode.swift; path = OrganizationInfoItem.swift; sourceTree = "<group>"; };
		4BFF98661E7F16A000951035 /* ResponseMapper.swift */ = {isa = PBXFileReference; fileEncoding = 4; lastKnownFileType = sourcecode.swift; path = ResponseMapper.swift; sourceTree = "<group>"; };
		4BFF98681E7F170900951035 /* OrganizationInfoResponseMapper.swift */ = {isa = PBXFileReference; fileEncoding = 4; lastKnownFileType = sourcecode.swift; path = OrganizationInfoResponseMapper.swift; sourceTree = "<group>"; };
		4BFF986A1E7F186100951035 /* ArrayResponseMapper.swift */ = {isa = PBXFileReference; fileEncoding = 4; lastKnownFileType = sourcecode.swift; path = ArrayResponseMapper.swift; sourceTree = "<group>"; };
		54BEF3E91E84186C00FB2FE7 /* CalendarViewController.swift */ = {isa = PBXFileReference; fileEncoding = 4; lastKnownFileType = sourcecode.swift; path = CalendarViewController.swift; sourceTree = "<group>"; };
		60D69C75206B9775799946FF /* Pods_TOZ_iOS.framework */ = {isa = PBXFileReference; explicitFileType = wrapper.framework; includeInIndex = 0; path = Pods_TOZ_iOS.framework; sourceTree = BUILT_PRODUCTS_DIR; };
		8FFC8E361E8E6B1A005F5B18 /* GalleryDetailViewController.swift */ = {isa = PBXFileReference; fileEncoding = 4; lastKnownFileType = sourcecode.swift; path = GalleryDetailViewController.swift; sourceTree = "<group>"; };
		A1CABBEF1E6AEB1F009A06F8 /* TOZ_iOS.app */ = {isa = PBXFileReference; explicitFileType = wrapper.application; includeInIndex = 0; path = TOZ_iOS.app; sourceTree = BUILT_PRODUCTS_DIR; };
		A1CABBF21E6AEB1F009A06F8 /* AppDelegate.swift */ = {isa = PBXFileReference; lastKnownFileType = sourcecode.swift; path = AppDelegate.swift; sourceTree = "<group>"; };
		A1CABBF41E6AEB1F009A06F8 /* HelpViewController.swift */ = {isa = PBXFileReference; lastKnownFileType = sourcecode.swift; path = HelpViewController.swift; sourceTree = "<group>"; };
		A1CABBF61E6AEB1F009A06F8 /* NewsViewController.swift */ = {isa = PBXFileReference; lastKnownFileType = sourcecode.swift; path = NewsViewController.swift; sourceTree = "<group>"; };
		A1CABBF91E6AEB1F009A06F8 /* Base */ = {isa = PBXFileReference; lastKnownFileType = file.storyboard; name = Base; path = Base.lproj/Main.storyboard; sourceTree = "<group>"; };
		A1CABBFB1E6AEB1F009A06F8 /* Assets.xcassets */ = {isa = PBXFileReference; lastKnownFileType = folder.assetcatalog; path = Assets.xcassets; sourceTree = "<group>"; };
		A1CABBFE1E6AEB1F009A06F8 /* Base */ = {isa = PBXFileReference; lastKnownFileType = file.storyboard; name = Base; path = Base.lproj/LaunchScreen.storyboard; sourceTree = "<group>"; };
		A1CABC001E6AEB1F009A06F8 /* Info.plist */ = {isa = PBXFileReference; lastKnownFileType = text.plist.xml; path = Info.plist; sourceTree = "<group>"; };
		A1CABC051E6AEB1F009A06F8 /* TOZ_iOSTests.xctest */ = {isa = PBXFileReference; explicitFileType = wrapper.cfbundle; includeInIndex = 0; path = TOZ_iOSTests.xctest; sourceTree = BUILT_PRODUCTS_DIR; };
		A1CABC091E6AEB1F009A06F8 /* TOZ_iOSTests.swift */ = {isa = PBXFileReference; lastKnownFileType = sourcecode.swift; path = TOZ_iOSTests.swift; sourceTree = "<group>"; };
		A1CABC0B1E6AEB1F009A06F8 /* Info.plist */ = {isa = PBXFileReference; lastKnownFileType = text.plist.xml; path = Info.plist; sourceTree = "<group>"; };
		C3D1325AC6CF9A0833CE20E0 /* Pods-TOZ_iOS.release.xcconfig */ = {isa = PBXFileReference; includeInIndex = 1; lastKnownFileType = text.xcconfig; name = "Pods-TOZ_iOS.release.xcconfig"; path = "Pods/Target Support Files/Pods-TOZ_iOS/Pods-TOZ_iOS.release.xcconfig"; sourceTree = "<group>"; };
		CE0BB3A21E95894F006E23C7 /* Gallery.storyboard */ = {isa = PBXFileReference; fileEncoding = 4; lastKnownFileType = file.storyboard; path = Gallery.storyboard; sourceTree = "<group>"; };
		CE0BB3A41E958980006E23C7 /* Calendar.storyboard */ = {isa = PBXFileReference; fileEncoding = 4; lastKnownFileType = file.storyboard; path = Calendar.storyboard; sourceTree = "<group>"; };
		CE0BB3A61E9A7059006E23C7 /* Help.storyboard */ = {isa = PBXFileReference; fileEncoding = 4; lastKnownFileType = file.storyboard; path = Help.storyboard; sourceTree = "<group>"; };
		CE0BB3A81E9A7127006E23C7 /* News.storyboard */ = {isa = PBXFileReference; fileEncoding = 4; lastKnownFileType = file.storyboard; path = News.storyboard; sourceTree = "<group>"; };
		D193989766D107F5788BF823 /* Pods-TOZ_iOSTests.release.xcconfig */ = {isa = PBXFileReference; includeInIndex = 1; lastKnownFileType = text.xcconfig; name = "Pods-TOZ_iOSTests.release.xcconfig"; path = "Pods/Target Support Files/Pods-TOZ_iOSTests/Pods-TOZ_iOSTests.release.xcconfig"; sourceTree = "<group>"; };
		DC024A7099B1ED00E959A5C1 /* Pods-TOZ_iOSTests.debug.xcconfig */ = {isa = PBXFileReference; includeInIndex = 1; lastKnownFileType = text.xcconfig; name = "Pods-TOZ_iOSTests.debug.xcconfig"; path = "Pods/Target Support Files/Pods-TOZ_iOSTests/Pods-TOZ_iOSTests.debug.xcconfig"; sourceTree = "<group>"; };
		FB010738E58D345E5DABAD84 /* Pods-TOZ_iOS.debug.xcconfig */ = {isa = PBXFileReference; includeInIndex = 1; lastKnownFileType = text.xcconfig; name = "Pods-TOZ_iOS.debug.xcconfig"; path = "Pods/Target Support Files/Pods-TOZ_iOS/Pods-TOZ_iOS.debug.xcconfig"; sourceTree = "<group>"; };
/* End PBXFileReference section */

/* Begin PBXFrameworksBuildPhase section */
		A1CABBEC1E6AEB1F009A06F8 /* Frameworks */ = {
			isa = PBXFrameworksBuildPhase;
			buildActionMask = 2147483647;
			files = (
				FD74D32931BCD4088F24DCF6 /* Pods_TOZ_iOS.framework in Frameworks */,
			);
			runOnlyForDeploymentPostprocessing = 0;
		};
		A1CABC021E6AEB1F009A06F8 /* Frameworks */ = {
			isa = PBXFrameworksBuildPhase;
			buildActionMask = 2147483647;
			files = (
				AA04D596234770687A312BCC /* Pods_TOZ_iOSTests.framework in Frameworks */,
			);
			runOnlyForDeploymentPostprocessing = 0;
		};
/* End PBXFrameworksBuildPhase section */

/* Begin PBXGroup section */
		1418CBC7DB576509170E411F /* Pods */ = {
			isa = PBXGroup;
			children = (
				FB010738E58D345E5DABAD84 /* Pods-TOZ_iOS.debug.xcconfig */,
				C3D1325AC6CF9A0833CE20E0 /* Pods-TOZ_iOS.release.xcconfig */,
				DC024A7099B1ED00E959A5C1 /* Pods-TOZ_iOSTests.debug.xcconfig */,
				D193989766D107F5788BF823 /* Pods-TOZ_iOSTests.release.xcconfig */,
			);
			name = Pods;
			sourceTree = "<group>";
		};
		4B5185881E7E9D4500CD343F /* Network */ = {
			isa = PBXGroup;
			children = (
				4B1ADCBA1E87B8EE00F8BA37 /* RequestResult.swift */,
				4B8ADB381E8AE36000EE4EB2 /* BackendConfiguration.swift */,
				4B1ADCB81E87B8AD00F8BA37 /* RequestError.swift */,
				4B51858B1E7EA08C00CD343F /* NetworkService.swift */,
				4B51858F1E7EAD7B00CD343F /* BackendService.swift */,
				4B51858D1E7EAC6900CD343F /* BackendAPIRequest.swift */,
				4BFF98601E7F11E400951035 /* ServiceOperation.swift */,
				4BFF98621E7F129100951035 /* ParsedItem.swift */,
				4BFF98661E7F16A000951035 /* ResponseMapper.swift */,
				4BFF986A1E7F186100951035 /* ArrayResponseMapper.swift */,
			);
			name = Network;
			sourceTree = "<group>";
		};
		4BB31FD81E8450D600D2E6EF /* NetworkRequests */ = {
			isa = PBXGroup;
			children = (
				3777B0B91E91931900FF385A /* NewsRequest.swift */,
				4B436E6B1E7ECAC300AB4E55 /* OrganizationInfoRequest.swift */,
				4B98B2E71E8C4E6C007E0D6C /* ListOfAnimalsRequest.swift */,
				4B04D5191E9A401F0091DD32 /* AnimalRequest.swift */,
			);
			name = NetworkRequests;
			sourceTree = "<group>";
		};
		4BB31FD91E8450F800D2E6EF /* NetworkOperations */ = {
			isa = PBXGroup;
			children = (
				3777B0BB1E91932500FF385A /* NewsOperation.swift */,
				4BFF985E1E7F11A100951035 /* OrganizationInfoOperation.swift */,
				4B98B2EB1E8C52AE007E0D6C /* ListOfAnimalsOperation.swift */,
				4B04D51B1E9A41DC0091DD32 /* AnimalOperation.swift */,
			);
			name = NetworkOperations;
			sourceTree = "<group>";
		};
		4BB31FDA1E84511600D2E6EF /* NetworkItems */ = {
			isa = PBXGroup;
			children = (
				3777B0BD1E91932E00FF385A /* NewsItem.swift */,
				4BFF98641E7F133500951035 /* OrganizationInfoItem.swift */,
				4B98B2E91E8C5176007E0D6C /* AnimalItem.swift */,
			);
			name = NetworkItems;
			sourceTree = "<group>";
		};
		4BB31FDB1E84512700D2E6EF /* NetworkMappers */ = {
			isa = PBXGroup;
			children = (
				3777B0BF1E91933700FF385A /* NewsResponseMapper.swift */,
				4BFF98681E7F170900951035 /* OrganizationInfoResponseMapper.swift */,
				4B98B2ED1E8C5420007E0D6C /* ListOfAnimalsArrayResponseMapper.swift */,
				4B04D51D1E9A42AE0091DD32 /* AnimalResponseMapper.swift */,
			);
			name = NetworkMappers;
			sourceTree = "<group>";
		};
		953F92F689D1A03FDDBE7578 /* Frameworks */ = {
			isa = PBXGroup;
			children = (
				60D69C75206B9775799946FF /* Pods_TOZ_iOS.framework */,
				0B4DAB99C7DD09A1A743E45E /* Pods_TOZ_iOSTests.framework */,
			);
			name = Frameworks;
			sourceTree = "<group>";
		};
		A1CABBE61E6AEB1F009A06F8 = {
			isa = PBXGroup;
			children = (
				A1CABBF11E6AEB1F009A06F8 /* TOZ_iOS */,
				A1CABC081E6AEB1F009A06F8 /* TOZ_iOSTests */,
				A1CABBF01E6AEB1F009A06F8 /* Products */,
				1418CBC7DB576509170E411F /* Pods */,
				953F92F689D1A03FDDBE7578 /* Frameworks */,
			);
			sourceTree = "<group>";
		};
		A1CABBF01E6AEB1F009A06F8 /* Products */ = {
			isa = PBXGroup;
			children = (
				A1CABBEF1E6AEB1F009A06F8 /* TOZ_iOS.app */,
				A1CABC051E6AEB1F009A06F8 /* TOZ_iOSTests.xctest */,
			);
			name = Products;
			sourceTree = "<group>";
		};
		A1CABBF11E6AEB1F009A06F8 /* TOZ_iOS */ = {
			isa = PBXGroup;
			children = (
				4B5185881E7E9D4500CD343F /* Network */,
				4BB31FD81E8450D600D2E6EF /* NetworkRequests */,
				4BB31FD91E8450F800D2E6EF /* NetworkOperations */,
				4BB31FDA1E84511600D2E6EF /* NetworkItems */,
				4BB31FDB1E84512700D2E6EF /* NetworkMappers */,
				37434B5C1E7F1B7E00336605 /* NewsEntity.swift */,
				37434B5D1E7F1B7E00336605 /* NewsTableViewCell.swift */,
				42FF1B0F1E99390200BABDE8 /* NewsDetailViewController.swift */,
				4281CABE1E91C51500F16519 /* LoginViewController.swift */,
				37434B5E1E7F1B7E00336605 /* ProfilePhotoView.swift */,
				A1CABBF21E6AEB1F009A06F8 /* AppDelegate.swift */,
				A1CABBF41E6AEB1F009A06F8 /* HelpViewController.swift */,
				54BEF3E91E84186C00FB2FE7 /* CalendarViewController.swift */,
				A1CABBF61E6AEB1F009A06F8 /* NewsViewController.swift */,
				3777B0AF1E8E479C00FF385A /* GalleryEntity.swift */,
				3777B0B01E8E479C00FF385A /* GalleryTableViewCell.swift */,
				3777B0B11E8E479C00FF385A /* HelpFinanceViewController.swift */,
				42D579CD1E6B36F1006C9A8D /* GalleryViewController.swift */,
				8FFC8E361E8E6B1A005F5B18 /* GalleryDetailViewController.swift */,
				4B00D1401E9D454C00A62AFC /* GalleryDetailPhotoViewController.swift */,
				3777B0B71E8FE7FD00FF385A /* PhotoManager.swift */,
				37434B621E7F1BAA00336605 /* Color.swift */,
				A1CABBF81E6AEB1F009A06F8 /* Main.storyboard */,
				CE0BB3A81E9A7127006E23C7 /* News.storyboard */,
				CE0BB3A61E9A7059006E23C7 /* Help.storyboard */,
				CE0BB3A21E95894F006E23C7 /* Gallery.storyboard */,
				CE0BB3A41E958980006E23C7 /* Calendar.storyboard */,
				A1CABBFB1E6AEB1F009A06F8 /* Assets.xcassets */,
				A1CABBFD1E6AEB1F009A06F8 /* LaunchScreen.storyboard */,
				A1CABC001E6AEB1F009A06F8 /* Info.plist */,
			);
			path = TOZ_iOS;
			sourceTree = "<group>";
		};
		A1CABC081E6AEB1F009A06F8 /* TOZ_iOSTests */ = {
			isa = PBXGroup;
			children = (
				A1CABC091E6AEB1F009A06F8 /* TOZ_iOSTests.swift */,
				A1CABC0B1E6AEB1F009A06F8 /* Info.plist */,
			);
			path = TOZ_iOSTests;
			sourceTree = "<group>";
		};
/* End PBXGroup section */

/* Begin PBXNativeTarget section */
		A1CABBEE1E6AEB1F009A06F8 /* TOZ_iOS */ = {
			isa = PBXNativeTarget;
			buildConfigurationList = A1CABC0E1E6AEB1F009A06F8 /* Build configuration list for PBXNativeTarget "TOZ_iOS" */;
			buildPhases = (
				2DFA80FBA0E00002ACE03680 /* [CP] Check Pods Manifest.lock */,
				A1CABBEB1E6AEB1F009A06F8 /* Sources */,
				A1CABBEC1E6AEB1F009A06F8 /* Frameworks */,
				A1CABBED1E6AEB1F009A06F8 /* Resources */,
				21FAFE73937860B49AB94E45 /* [CP] Embed Pods Frameworks */,
				76BE0121833007DB222752E7 /* [CP] Copy Pods Resources */,
				42342C7B1E883E9D003420FC /* Launch Swiftlint */,
			);
			buildRules = (
			);
			dependencies = (
			);
			name = TOZ_iOS;
			productName = TOZ_iOS;
			productReference = A1CABBEF1E6AEB1F009A06F8 /* TOZ_iOS.app */;
			productType = "com.apple.product-type.application";
		};
		A1CABC041E6AEB1F009A06F8 /* TOZ_iOSTests */ = {
			isa = PBXNativeTarget;
			buildConfigurationList = A1CABC111E6AEB1F009A06F8 /* Build configuration list for PBXNativeTarget "TOZ_iOSTests" */;
			buildPhases = (
				31F4FCB8CFE0DAB4475327C7 /* [CP] Check Pods Manifest.lock */,
				A1CABC011E6AEB1F009A06F8 /* Sources */,
				A1CABC021E6AEB1F009A06F8 /* Frameworks */,
				A1CABC031E6AEB1F009A06F8 /* Resources */,
				D6B5295DC836FC3336EF46D9 /* [CP] Embed Pods Frameworks */,
				E0147BB0F52CE824EC034F24 /* [CP] Copy Pods Resources */,
			);
			buildRules = (
			);
			dependencies = (
				A1CABC071E6AEB1F009A06F8 /* PBXTargetDependency */,
			);
			name = TOZ_iOSTests;
			productName = TOZ_iOSTests;
			productReference = A1CABC051E6AEB1F009A06F8 /* TOZ_iOSTests.xctest */;
			productType = "com.apple.product-type.bundle.unit-test";
		};
/* End PBXNativeTarget section */

/* Begin PBXProject section */
		A1CABBE71E6AEB1F009A06F8 /* Project object */ = {
			isa = PBXProject;
			attributes = {
				LastSwiftUpdateCheck = 0820;
				LastUpgradeCheck = 0820;
				ORGANIZATIONNAME = intive;
				TargetAttributes = {
					A1CABBEE1E6AEB1F009A06F8 = {
						CreatedOnToolsVersion = 8.2.1;
						ProvisioningStyle = Automatic;
					};
					A1CABC041E6AEB1F009A06F8 = {
						CreatedOnToolsVersion = 8.2.1;
						ProvisioningStyle = Automatic;
						TestTargetID = A1CABBEE1E6AEB1F009A06F8;
					};
				};
			};
			buildConfigurationList = A1CABBEA1E6AEB1F009A06F8 /* Build configuration list for PBXProject "TOZ_iOS" */;
			compatibilityVersion = "Xcode 3.2";
			developmentRegion = English;
			hasScannedForEncodings = 0;
			knownRegions = (
				en,
				Base,
			);
			mainGroup = A1CABBE61E6AEB1F009A06F8;
			productRefGroup = A1CABBF01E6AEB1F009A06F8 /* Products */;
			projectDirPath = "";
			projectRoot = "";
			targets = (
				A1CABBEE1E6AEB1F009A06F8 /* TOZ_iOS */,
				A1CABC041E6AEB1F009A06F8 /* TOZ_iOSTests */,
			);
		};
/* End PBXProject section */

/* Begin PBXResourcesBuildPhase section */
		A1CABBED1E6AEB1F009A06F8 /* Resources */ = {
			isa = PBXResourcesBuildPhase;
			buildActionMask = 2147483647;
			files = (
				CE0BB3A51E958980006E23C7 /* Calendar.storyboard in Resources */,
				CE0BB3A71E9A7059006E23C7 /* Help.storyboard in Resources */,
				A1CABBFF1E6AEB1F009A06F8 /* LaunchScreen.storyboard in Resources */,
				CE0BB3A31E95894F006E23C7 /* Gallery.storyboard in Resources */,
				CE0BB3A91E9A7127006E23C7 /* News.storyboard in Resources */,
				A1CABBFC1E6AEB1F009A06F8 /* Assets.xcassets in Resources */,
				A1CABBFA1E6AEB1F009A06F8 /* Main.storyboard in Resources */,
			);
			runOnlyForDeploymentPostprocessing = 0;
		};
		A1CABC031E6AEB1F009A06F8 /* Resources */ = {
			isa = PBXResourcesBuildPhase;
			buildActionMask = 2147483647;
			files = (
			);
			runOnlyForDeploymentPostprocessing = 0;
		};
/* End PBXResourcesBuildPhase section */

/* Begin PBXShellScriptBuildPhase section */
		21FAFE73937860B49AB94E45 /* [CP] Embed Pods Frameworks */ = {
			isa = PBXShellScriptBuildPhase;
			buildActionMask = 2147483647;
			files = (
			);
			inputPaths = (
				"",
			);
			name = "[CP] Embed Pods Frameworks";
			outputPaths = (
			);
			runOnlyForDeploymentPostprocessing = 0;
			shellPath = /bin/sh;
			shellScript = "\"${SRCROOT}/Pods/Target Support Files/Pods-TOZ_iOS/Pods-TOZ_iOS-frameworks.sh\"\n";
			showEnvVarsInLog = 0;
		};
		2DFA80FBA0E00002ACE03680 /* [CP] Check Pods Manifest.lock */ = {
			isa = PBXShellScriptBuildPhase;
			buildActionMask = 2147483647;
			files = (
			);
			inputPaths = (
			);
			name = "[CP] Check Pods Manifest.lock";
			outputPaths = (
			);
			runOnlyForDeploymentPostprocessing = 0;
			shellPath = /bin/sh;
			shellScript = "diff \"${PODS_ROOT}/../Podfile.lock\" \"${PODS_ROOT}/Manifest.lock\" > /dev/null\nif [ $? != 0 ] ; then\n    # print error to STDERR\n    echo \"error: The sandbox is not in sync with the Podfile.lock. Run 'pod install' or update your CocoaPods installation.\" >&2\n    exit 1\nfi\n";
			showEnvVarsInLog = 0;
		};
		31F4FCB8CFE0DAB4475327C7 /* [CP] Check Pods Manifest.lock */ = {
			isa = PBXShellScriptBuildPhase;
			buildActionMask = 2147483647;
			files = (
			);
			inputPaths = (
			);
			name = "[CP] Check Pods Manifest.lock";
			outputPaths = (
			);
			runOnlyForDeploymentPostprocessing = 0;
			shellPath = /bin/sh;
			shellScript = "diff \"${PODS_ROOT}/../Podfile.lock\" \"${PODS_ROOT}/Manifest.lock\" > /dev/null\nif [ $? != 0 ] ; then\n    # print error to STDERR\n    echo \"error: The sandbox is not in sync with the Podfile.lock. Run 'pod install' or update your CocoaPods installation.\" >&2\n    exit 1\nfi\n";
			showEnvVarsInLog = 0;
		};
		42342C7B1E883E9D003420FC /* Launch Swiftlint */ = {
			isa = PBXShellScriptBuildPhase;
			buildActionMask = 2147483647;
			files = (
			);
			inputPaths = (
			);
			name = "Launch Swiftlint";
			outputPaths = (
			);
			runOnlyForDeploymentPostprocessing = 0;
			shellPath = /bin/sh;
			shellScript = "${PODS_ROOT}/SwiftLint/swiftlint";
		};
		76BE0121833007DB222752E7 /* [CP] Copy Pods Resources */ = {
			isa = PBXShellScriptBuildPhase;
			buildActionMask = 2147483647;
			files = (
			);
			inputPaths = (
			);
			name = "[CP] Copy Pods Resources";
			outputPaths = (
			);
			runOnlyForDeploymentPostprocessing = 0;
			shellPath = /bin/sh;
			shellScript = "\"${SRCROOT}/Pods/Target Support Files/Pods-TOZ_iOS/Pods-TOZ_iOS-resources.sh\"\n";
			showEnvVarsInLog = 0;
		};
		D6B5295DC836FC3336EF46D9 /* [CP] Embed Pods Frameworks */ = {
			isa = PBXShellScriptBuildPhase;
			buildActionMask = 2147483647;
			files = (
			);
			inputPaths = (
			);
			name = "[CP] Embed Pods Frameworks";
			outputPaths = (
			);
			runOnlyForDeploymentPostprocessing = 0;
			shellPath = /bin/sh;
			shellScript = "\"${SRCROOT}/Pods/Target Support Files/Pods-TOZ_iOSTests/Pods-TOZ_iOSTests-frameworks.sh\"\n";
			showEnvVarsInLog = 0;
		};
		E0147BB0F52CE824EC034F24 /* [CP] Copy Pods Resources */ = {
			isa = PBXShellScriptBuildPhase;
			buildActionMask = 2147483647;
			files = (
			);
			inputPaths = (
			);
			name = "[CP] Copy Pods Resources";
			outputPaths = (
			);
			runOnlyForDeploymentPostprocessing = 0;
			shellPath = /bin/sh;
			shellScript = "\"${SRCROOT}/Pods/Target Support Files/Pods-TOZ_iOSTests/Pods-TOZ_iOSTests-resources.sh\"\n";
			showEnvVarsInLog = 0;
		};
/* End PBXShellScriptBuildPhase section */

/* Begin PBXSourcesBuildPhase section */
		A1CABBEB1E6AEB1F009A06F8 /* Sources */ = {
			isa = PBXSourcesBuildPhase;
			buildActionMask = 2147483647;
			files = (
				4BFF98671E7F16A000951035 /* ResponseMapper.swift in Sources */,
				A1CABBF71E6AEB1F009A06F8 /* NewsViewController.swift in Sources */,
				3777B0B81E8FE7FD00FF385A /* PhotoManager.swift in Sources */,
				37434B601E7F1B7E00336605 /* NewsTableViewCell.swift in Sources */,
				3777B0C01E91933700FF385A /* NewsResponseMapper.swift in Sources */,
				3777B0BC1E91932500FF385A /* NewsOperation.swift in Sources */,
				37434B5F1E7F1B7E00336605 /* NewsEntity.swift in Sources */,
				4B00D1411E9D454C00A62AFC /* GalleryDetailPhotoViewController.swift in Sources */,
				4281CABF1E91C51500F16519 /* LoginViewController.swift in Sources */,
				4B04D51E1E9A42AE0091DD32 /* AnimalResponseMapper.swift in Sources */,
				42D579CE1E6B36F1006C9A8D /* GalleryViewController.swift in Sources */,
				4B98B2EA1E8C5176007E0D6C /* AnimalItem.swift in Sources */,
				4B436E6C1E7ECAC300AB4E55 /* OrganizationInfoRequest.swift in Sources */,
				4BFF98691E7F170900951035 /* OrganizationInfoResponseMapper.swift in Sources */,
				4B5185901E7EAD7B00CD343F /* BackendService.swift in Sources */,
				3777B0B31E8E479C00FF385A /* GalleryTableViewCell.swift in Sources */,
				4BFF98651E7F133500951035 /* OrganizationInfoItem.swift in Sources */,
				4BFF98611E7F11E400951035 /* ServiceOperation.swift in Sources */,
				4B1ADCBB1E87B8EE00F8BA37 /* RequestResult.swift in Sources */,
				3777B0B21E8E479C00FF385A /* GalleryEntity.swift in Sources */,
				42FF1B101E99390200BABDE8 /* NewsDetailViewController.swift in Sources */,
				A1CABBF31E6AEB1F009A06F8 /* AppDelegate.swift in Sources */,
				37434B631E7F1BAA00336605 /* Color.swift in Sources */,
				3777B0BE1E91932E00FF385A /* NewsItem.swift in Sources */,
				3777B0BA1E91931900FF385A /* NewsRequest.swift in Sources */,
				4B8ADB391E8AE36000EE4EB2 /* BackendConfiguration.swift in Sources */,
				3777B0B41E8E479C00FF385A /* HelpFinanceViewController.swift in Sources */,
				4B51858C1E7EA08C00CD343F /* NetworkService.swift in Sources */,
				4BFF98631E7F129100951035 /* ParsedItem.swift in Sources */,
				4B1ADCB91E87B8AD00F8BA37 /* RequestError.swift in Sources */,
				4B98B2EE1E8C5420007E0D6C /* ListOfAnimalsArrayResponseMapper.swift in Sources */,
				4BFF985F1E7F11A100951035 /* OrganizationInfoOperation.swift in Sources */,
				4B51858E1E7EAC6900CD343F /* BackendAPIRequest.swift in Sources */,
				8FFC8E371E8E6B1A005F5B18 /* GalleryDetailViewController.swift in Sources */,
				4B04D51A1E9A401F0091DD32 /* AnimalRequest.swift in Sources */,
				54BEF3EA1E84186C00FB2FE7 /* CalendarViewController.swift in Sources */,
				4B04D51C1E9A41DC0091DD32 /* AnimalOperation.swift in Sources */,
				4B98B2E81E8C4E6C007E0D6C /* ListOfAnimalsRequest.swift in Sources */,
				A1CABBF51E6AEB1F009A06F8 /* HelpViewController.swift in Sources */,
				37434B611E7F1B7E00336605 /* ProfilePhotoView.swift in Sources */,
				4B98B2EC1E8C52AE007E0D6C /* ListOfAnimalsOperation.swift in Sources */,
				4BFF986B1E7F186100951035 /* ArrayResponseMapper.swift in Sources */,
			);
			runOnlyForDeploymentPostprocessing = 0;
		};
		A1CABC011E6AEB1F009A06F8 /* Sources */ = {
			isa = PBXSourcesBuildPhase;
			buildActionMask = 2147483647;
			files = (
				A1CABC0A1E6AEB1F009A06F8 /* TOZ_iOSTests.swift in Sources */,
			);
			runOnlyForDeploymentPostprocessing = 0;
		};
/* End PBXSourcesBuildPhase section */

/* Begin PBXTargetDependency section */
		A1CABC071E6AEB1F009A06F8 /* PBXTargetDependency */ = {
			isa = PBXTargetDependency;
			target = A1CABBEE1E6AEB1F009A06F8 /* TOZ_iOS */;
			targetProxy = A1CABC061E6AEB1F009A06F8 /* PBXContainerItemProxy */;
		};
/* End PBXTargetDependency section */

/* Begin PBXVariantGroup section */
		A1CABBF81E6AEB1F009A06F8 /* Main.storyboard */ = {
			isa = PBXVariantGroup;
			children = (
				A1CABBF91E6AEB1F009A06F8 /* Base */,
			);
			name = Main.storyboard;
			sourceTree = "<group>";
		};
		A1CABBFD1E6AEB1F009A06F8 /* LaunchScreen.storyboard */ = {
			isa = PBXVariantGroup;
			children = (
				A1CABBFE1E6AEB1F009A06F8 /* Base */,
			);
			name = LaunchScreen.storyboard;
			sourceTree = "<group>";
		};
/* End PBXVariantGroup section */

/* Begin XCBuildConfiguration section */
		A1CABC0C1E6AEB1F009A06F8 /* Debug */ = {
			isa = XCBuildConfiguration;
			buildSettings = {
				ALWAYS_SEARCH_USER_PATHS = NO;
				CLANG_ANALYZER_NONNULL = YES;
				CLANG_CXX_LANGUAGE_STANDARD = "gnu++0x";
				CLANG_CXX_LIBRARY = "libc++";
				CLANG_ENABLE_MODULES = YES;
				CLANG_ENABLE_OBJC_ARC = YES;
				CLANG_WARN_BOOL_CONVERSION = YES;
				CLANG_WARN_CONSTANT_CONVERSION = YES;
				CLANG_WARN_DIRECT_OBJC_ISA_USAGE = YES_ERROR;
				CLANG_WARN_DOCUMENTATION_COMMENTS = YES;
				CLANG_WARN_EMPTY_BODY = YES;
				CLANG_WARN_ENUM_CONVERSION = YES;
				CLANG_WARN_INFINITE_RECURSION = YES;
				CLANG_WARN_INT_CONVERSION = YES;
				CLANG_WARN_OBJC_ROOT_CLASS = YES_ERROR;
				CLANG_WARN_SUSPICIOUS_MOVE = YES;
				CLANG_WARN_UNREACHABLE_CODE = YES;
				CLANG_WARN__DUPLICATE_METHOD_MATCH = YES;
				"CODE_SIGN_IDENTITY[sdk=iphoneos*]" = "iPhone Developer";
				COPY_PHASE_STRIP = NO;
				DEBUG_INFORMATION_FORMAT = dwarf;
				ENABLE_STRICT_OBJC_MSGSEND = YES;
				ENABLE_TESTABILITY = YES;
				GCC_C_LANGUAGE_STANDARD = gnu99;
				GCC_DYNAMIC_NO_PIC = NO;
				GCC_NO_COMMON_BLOCKS = YES;
				GCC_OPTIMIZATION_LEVEL = 0;
				GCC_PREPROCESSOR_DEFINITIONS = (
					"DEBUG=1",
					"$(inherited)",
				);
				GCC_WARN_64_TO_32_BIT_CONVERSION = YES;
				GCC_WARN_ABOUT_RETURN_TYPE = YES_ERROR;
				GCC_WARN_UNDECLARED_SELECTOR = YES;
				GCC_WARN_UNINITIALIZED_AUTOS = YES_AGGRESSIVE;
				GCC_WARN_UNUSED_FUNCTION = YES;
				GCC_WARN_UNUSED_VARIABLE = YES;
				IPHONEOS_DEPLOYMENT_TARGET = 10.2;
				MTL_ENABLE_DEBUG_INFO = YES;
				ONLY_ACTIVE_ARCH = YES;
				SDKROOT = iphoneos;
				SWIFT_ACTIVE_COMPILATION_CONDITIONS = DEBUG;
				SWIFT_OPTIMIZATION_LEVEL = "-Onone";
			};
			name = Debug;
		};
		A1CABC0D1E6AEB1F009A06F8 /* Release */ = {
			isa = XCBuildConfiguration;
			buildSettings = {
				ALWAYS_SEARCH_USER_PATHS = NO;
				CLANG_ANALYZER_NONNULL = YES;
				CLANG_CXX_LANGUAGE_STANDARD = "gnu++0x";
				CLANG_CXX_LIBRARY = "libc++";
				CLANG_ENABLE_MODULES = YES;
				CLANG_ENABLE_OBJC_ARC = YES;
				CLANG_WARN_BOOL_CONVERSION = YES;
				CLANG_WARN_CONSTANT_CONVERSION = YES;
				CLANG_WARN_DIRECT_OBJC_ISA_USAGE = YES_ERROR;
				CLANG_WARN_DOCUMENTATION_COMMENTS = YES;
				CLANG_WARN_EMPTY_BODY = YES;
				CLANG_WARN_ENUM_CONVERSION = YES;
				CLANG_WARN_INFINITE_RECURSION = YES;
				CLANG_WARN_INT_CONVERSION = YES;
				CLANG_WARN_OBJC_ROOT_CLASS = YES_ERROR;
				CLANG_WARN_SUSPICIOUS_MOVE = YES;
				CLANG_WARN_UNREACHABLE_CODE = YES;
				CLANG_WARN__DUPLICATE_METHOD_MATCH = YES;
				"CODE_SIGN_IDENTITY[sdk=iphoneos*]" = "iPhone Developer";
				COPY_PHASE_STRIP = NO;
				DEBUG_INFORMATION_FORMAT = "dwarf-with-dsym";
				ENABLE_NS_ASSERTIONS = NO;
				ENABLE_STRICT_OBJC_MSGSEND = YES;
				GCC_C_LANGUAGE_STANDARD = gnu99;
				GCC_NO_COMMON_BLOCKS = YES;
				GCC_WARN_64_TO_32_BIT_CONVERSION = YES;
				GCC_WARN_ABOUT_RETURN_TYPE = YES_ERROR;
				GCC_WARN_UNDECLARED_SELECTOR = YES;
				GCC_WARN_UNINITIALIZED_AUTOS = YES_AGGRESSIVE;
				GCC_WARN_UNUSED_FUNCTION = YES;
				GCC_WARN_UNUSED_VARIABLE = YES;
				IPHONEOS_DEPLOYMENT_TARGET = 10.2;
				MTL_ENABLE_DEBUG_INFO = NO;
				SDKROOT = iphoneos;
				SWIFT_OPTIMIZATION_LEVEL = "-Owholemodule";
				VALIDATE_PRODUCT = YES;
			};
			name = Release;
		};
		A1CABC0F1E6AEB1F009A06F8 /* Debug */ = {
			isa = XCBuildConfiguration;
			baseConfigurationReference = FB010738E58D345E5DABAD84 /* Pods-TOZ_iOS.debug.xcconfig */;
			buildSettings = {
				ASSETCATALOG_COMPILER_APPICON_NAME = AppIcon;
				DEVELOPMENT_TEAM = "";
				INFOPLIST_FILE = TOZ_iOS/Info.plist;
				IPHONEOS_DEPLOYMENT_TARGET = 10.1;
				LD_RUNPATH_SEARCH_PATHS = "$(inherited) @executable_path/Frameworks";
				PRODUCT_BUNDLE_IDENTIFIER = "com.intive.TOZ-iOS";
				PRODUCT_NAME = "$(TARGET_NAME)";
				SWIFT_VERSION = 3.0;
			};
			name = Debug;
		};
		A1CABC101E6AEB1F009A06F8 /* Release */ = {
			isa = XCBuildConfiguration;
			baseConfigurationReference = C3D1325AC6CF9A0833CE20E0 /* Pods-TOZ_iOS.release.xcconfig */;
			buildSettings = {
				ASSETCATALOG_COMPILER_APPICON_NAME = AppIcon;
				DEVELOPMENT_TEAM = "";
				INFOPLIST_FILE = TOZ_iOS/Info.plist;
				IPHONEOS_DEPLOYMENT_TARGET = 10.1;
				LD_RUNPATH_SEARCH_PATHS = "$(inherited) @executable_path/Frameworks";
				PRODUCT_BUNDLE_IDENTIFIER = "com.intive.TOZ-iOS";
				PRODUCT_NAME = "$(TARGET_NAME)";
				SWIFT_VERSION = 3.0;
			};
			name = Release;
		};
		A1CABC121E6AEB1F009A06F8 /* Debug */ = {
			isa = XCBuildConfiguration;
			baseConfigurationReference = DC024A7099B1ED00E959A5C1 /* Pods-TOZ_iOSTests.debug.xcconfig */;
			buildSettings = {
				ALWAYS_EMBED_SWIFT_STANDARD_LIBRARIES = YES;
				BUNDLE_LOADER = "$(TEST_HOST)";
				DEVELOPMENT_TEAM = "";
				INFOPLIST_FILE = TOZ_iOSTests/Info.plist;
				IPHONEOS_DEPLOYMENT_TARGET = 10.1;
				LD_RUNPATH_SEARCH_PATHS = "$(inherited) @executable_path/Frameworks @loader_path/Frameworks";
				PRODUCT_BUNDLE_IDENTIFIER = "com.intive.TOZ-iOSTests";
				PRODUCT_NAME = "$(TARGET_NAME)";
				SWIFT_VERSION = 3.0;
				TEST_HOST = "$(BUILT_PRODUCTS_DIR)/TOZ_iOS.app/TOZ_iOS";
			};
			name = Debug;
		};
		A1CABC131E6AEB1F009A06F8 /* Release */ = {
			isa = XCBuildConfiguration;
			baseConfigurationReference = D193989766D107F5788BF823 /* Pods-TOZ_iOSTests.release.xcconfig */;
			buildSettings = {
				ALWAYS_EMBED_SWIFT_STANDARD_LIBRARIES = YES;
				BUNDLE_LOADER = "$(TEST_HOST)";
				INFOPLIST_FILE = TOZ_iOSTests/Info.plist;
				IPHONEOS_DEPLOYMENT_TARGET = 10.1;
				LD_RUNPATH_SEARCH_PATHS = "$(inherited) @executable_path/Frameworks @loader_path/Frameworks";
				PRODUCT_BUNDLE_IDENTIFIER = "com.intive.TOZ-iOSTests";
				PRODUCT_NAME = "$(TARGET_NAME)";
				SWIFT_VERSION = 3.0;
				TEST_HOST = "$(BUILT_PRODUCTS_DIR)/TOZ_iOS.app/TOZ_iOS";
			};
			name = Release;
		};
/* End XCBuildConfiguration section */

/* Begin XCConfigurationList section */
		A1CABBEA1E6AEB1F009A06F8 /* Build configuration list for PBXProject "TOZ_iOS" */ = {
			isa = XCConfigurationList;
			buildConfigurations = (
				A1CABC0C1E6AEB1F009A06F8 /* Debug */,
				A1CABC0D1E6AEB1F009A06F8 /* Release */,
			);
			defaultConfigurationIsVisible = 0;
			defaultConfigurationName = Release;
		};
		A1CABC0E1E6AEB1F009A06F8 /* Build configuration list for PBXNativeTarget "TOZ_iOS" */ = {
			isa = XCConfigurationList;
			buildConfigurations = (
				A1CABC0F1E6AEB1F009A06F8 /* Debug */,
				A1CABC101E6AEB1F009A06F8 /* Release */,
			);
			defaultConfigurationIsVisible = 0;
			defaultConfigurationName = Release;
		};
		A1CABC111E6AEB1F009A06F8 /* Build configuration list for PBXNativeTarget "TOZ_iOSTests" */ = {
			isa = XCConfigurationList;
			buildConfigurations = (
				A1CABC121E6AEB1F009A06F8 /* Debug */,
				A1CABC131E6AEB1F009A06F8 /* Release */,
			);
			defaultConfigurationIsVisible = 0;
			defaultConfigurationName = Release;
		};
/* End XCConfigurationList section */
	};
	rootObject = A1CABBE71E6AEB1F009A06F8 /* Project object */;
}
